{
  "name": "createEnum",
  "version": "1.0.0",
  "lockfileVersion": 2,
  "requires": true,
  "packages": {
    "": {
      "name": "createEnum",
      "version": "1.0.0",
      "devDependencies": {
        "tester": "github:ArundhatiApte/Tester.js"
      }
    },
    "node_modules/tester": {
      "version": "1.0.0",
      "resolved": "git+ssh://git@github.com/ArundhatiApte/Tester.js.git#314ddc14b37dad1de1473e4b62f011ada642696f",
      "dev": true
    }
  },
  "dependencies": {
    "tester": {
      "version": "git+ssh://git@github.com/ArundhatiApte/Tester.js.git#314ddc14b37dad1de1473e4b62f011ada642696f",
      "dev": true,
      "from": "tester@github:ArundhatiApte/Tester.js"
    }
  }
}
