{
  "name": "createEnum",
  "version": "1.0.0",
  "lockfileVersion": 2,
  "requires": true,
  "packages": {
    "": {
      "name": "createEnum",
      "version": "1.0.0",
      "devDependencies": {
        "tester": "github:ArundhatiApte/Tester-JS"
      }
    },
    "node_modules/tester": {
      "version": "1.0.0",
      "resolved": "git+ssh://git@github.com/ArundhatiApte/Tester-JS.git#7d58c8c04c63172c113ed5b1053b2086586e1a7f",
      "dev": true
    }
  },
  "dependencies": {
    "tester": {
      "version": "git+ssh://git@github.com/ArundhatiApte/Tester-JS.git#7d58c8c04c63172c113ed5b1053b2086586e1a7f",
      "dev": true,
      "from": "tester@github:ArundhatiApte/Tester-JS"
    }
  }
}
