{
  "name": "createEnum",
  "version": "1.0.0",
  "lockfileVersion": 2,
  "requires": true,
  "packages": {
    "": {
      "name": "createEnum",
      "version": "1.0.0",
      "devDependencies": {
        "tester": "https://github.com/ArundhatiApte/tester-js/releases/download/v0.1.0/tester.package.tar.gz"
      }
    },
    "node_modules/tester": {
      "version": "0.1.0",
      "resolved": "https://github.com/ArundhatiApte/tester-js/releases/download/v0.1.0/tester.package.tar.gz",
      "integrity": "sha512-/YUCFYHn5l+Ywwbqi5m32t21d7bDNpSeRTr1jkob11ALRd/puXqoSEJQKrI+3ezmZSR6GcUOYq+drLwFGk3pkw==",
      "dev": true
    }
  },
  "dependencies": {
    "tester": {
      "version": "https://github.com/ArundhatiApte/tester-js/releases/download/v0.1.0/tester.package.tar.gz",
      "integrity": "sha512-/YUCFYHn5l+Ywwbqi5m32t21d7bDNpSeRTr1jkob11ALRd/puXqoSEJQKrI+3ezmZSR6GcUOYq+drLwFGk3pkw==",
      "dev": true
    }
  }
}
